
Microsoft Visual Studio Solution File, Format Version 12.00
# Visual Studio Version 17
VisualStudioVersion = 17.8.34408.163
MinimumVisualStudioVersion = 10.0.40219.1
Project("{FAE04EC0-301F-11D3-BF4B-00C04F79EFBC}") = "WindowsFormsApp1", "WindowsFormsApp1\WindowsFormsApp1.csproj", "{D6EBC6C2-6430-4F9F-AEC1-368A287B80C7}"
EndProject
Project("{FAE04EC0-301F-11D3-BF4B-00C04F79EFBC}") = "WindowsFormsApp2", "WindowsFormsApp2\WindowsFormsApp2.csproj", "{18DC8BAA-63B1-4735-92DA-05119895ECC1}"
EndProject
Global
	GlobalSection(SolutionConfigurationPlatforms) = preSolution
		Debug|Any CPU = Debug|Any CPU
		Release|Any CPU = Release|Any CPU
	EndGlobalSection
	GlobalSection(ProjectConfigurationPlatforms) = postSolution
		{D6EBC6C2-6430-4F9F-AEC1-368A287B80C7}.Debug|Any CPU.ActiveCfg = Debug|Any CPU
		{D6EBC6C2-6430-4F9F-AEC1-368A287B80C7}.Debug|Any CPU.Build.0 = Debug|Any CPU
		{D6EBC6C2-6430-4F9F-AEC1-368A287B80C7}.Release|Any CPU.ActiveCfg = Release|Any CPU
		{D6EBC6C2-6430-4F9F-AEC1-368A287B80C7}.Release|Any CPU.Build.0 = Release|Any CPU
		{18DC8BAA-63B1-4735-92DA-05119895ECC1}.Debug|Any CPU.ActiveCfg = Debug|Any CPU
		{18DC8BAA-63B1-4735-92DA-05119895ECC1}.Debug|Any CPU.Build.0 = Debug|Any CPU
		{18DC8BAA-63B1-4735-92DA-05119895ECC1}.Release|Any CPU.ActiveCfg = Release|Any CPU
		{18DC8BAA-63B1-4735-92DA-05119895ECC1}.Release|Any CPU.Build.0 = Release|Any CPU
	EndGlobalSection
	GlobalSection(SolutionProperties) = preSolution
		HideSolutionNode = FALSE
	EndGlobalSection
	GlobalSection(ExtensibilityGlobals) = postSolution
		SolutionGuid = {B1374CBD-0BB9-467B-9A7E-4E3617CA28E0}
	EndGlobalSection
EndGlobal
